# THIS IS AN AUTOGENERATED FILE. DO NOT EDIT THIS FILE DIRECTLY.
# yarn lockfile v1


"@types/dotenv@^4.0.2":
  version "4.0.2"
  resolved "https://registry.yarnpkg.com/@types/dotenv/-/dotenv-4.0.2.tgz#f2983f0afe9fd7f6eb8aef515a4d77f4cbaa0597"
  dependencies:
    "@types/node" "*"

"@types/node@*":
  version "9.4.1"
  resolved "https://registry.yarnpkg.com/@types/node/-/node-9.4.1.tgz#0f636f7837e15d2d73a7f6f3ea0e322eb2a5ab65"

app-module-path@^2.2.0:
  version "2.2.0"
  resolved "https://registry.yarnpkg.com/app-module-path/-/app-module-path-2.2.0.tgz#641aa55dfb7d6a6f0a8141c4b9c0aa50b6c24dd5"

dotenv@^5.0.0:
  version "5.0.0"
  resolved "https://registry.yarnpkg.com/dotenv/-/dotenv-5.0.0.tgz#0206eb5b336639bf377618a2a304ff00c6a1fddb"

injection-js@^2.2.1:
  version "2.2.1"
  resolved "https://registry.yarnpkg.com/injection-js/-/injection-js-2.2.1.tgz#a8d6a085b2f0b8d8650f6f4487f6abb8cc0d67ce"

reflect-metadata@^0.1.12:
  version "0.1.12"
  resolved "https://registry.yarnpkg.com/reflect-metadata/-/reflect-metadata-0.1.12.tgz#311bf0c6b63cd782f228a81abe146a2bfa9c56f2"

source-map-support@^0.5.3:
  version "0.5.3"
  resolved "https://registry.yarnpkg.com/source-map-support/-/source-map-support-0.5.3.tgz#2b3d5fff298cfa4d1afd7d4352d569e9a0158e76"
  dependencies:
    source-map "^0.6.0"

source-map@^0.6.0:
  version "0.6.1"
  resolved "https://registry.yarnpkg.com/source-map/-/source-map-0.6.1.tgz#74722af32e9614e9c287a8d0bbde48b5e2f1a263"

typescript@^2.7.1:
  version "2.7.1"
  resolved "https://registry.yarnpkg.com/typescript/-/typescript-2.7.1.tgz#bb3682c2c791ac90e7c6210b26478a8da085c359"
